
Microsoft Visual Studio Solution File, Format Version 12.00
# Visual Studio Version 16
VisualStudioVersion = 16.0.30711.63
MinimumVisualStudioVersion = 10.0.40219.1
Project("{FAE04EC0-301F-11D3-BF4B-00C04F79EFBC}") = "API", "API\API.csproj", "{B270FD7B-F8C7-4041-B81E-9090284301B4}"
EndProject
Global
	GlobalSection(SolutionConfigurationPlatforms) = preSolution
		Debug|Any CPU = Debug|Any CPU
		Release|Any CPU = Release|Any CPU
	EndGlobalSection
	GlobalSection(ProjectConfigurationPlatforms) = postSolution
		{B270FD7B-F8C7-4041-B81E-9090284301B4}.Debug|Any CPU.ActiveCfg = Debug|Any CPU
		{B270FD7B-F8C7-4041-B81E-9090284301B4}.Debug|Any CPU.Build.0 = Debug|Any CPU
		{B270FD7B-F8C7-4041-B81E-9090284301B4}.Release|Any CPU.ActiveCfg = Release|Any CPU
		{B270FD7B-F8C7-4041-B81E-9090284301B4}.Release|Any CPU.Build.0 = Release|Any CPU
	EndGlobalSection
	GlobalSection(SolutionProperties) = preSolution
		HideSolutionNode = FALSE
	EndGlobalSection
	GlobalSection(ExtensibilityGlobals) = postSolution
		SolutionGuid = {D0F0BF72-A88E-4B5C-8697-E5D9444D5031}
	EndGlobalSection
EndGlobal
